
Microsoft Visual Studio Solution File, Format Version 12.00
# Visual Studio Version 17
VisualStudioVersion = 17.14.36414.22 d17.14
MinimumVisualStudioVersion = 10.0.40219.1
Project("{FAE04EC0-301F-11D3-BF4B-00C04F79EFBC}") = "Sidekick-E-Invoicing", "Sidekick-E-Invoicing\Sidekick-E-Invoicing.csproj", "{C6ADFD00-76C7-4AF9-90E1-66A7C81350C4}"
EndProject
Global
	GlobalSection(SolutionConfigurationPlatforms) = preSolution
		Debug|Any CPU = Debug|Any CPU
		Release|Any CPU = Release|Any CPU
	EndGlobalSection
	GlobalSection(ProjectConfigurationPlatforms) = postSolution
		{C6ADFD00-76C7-4AF9-90E1-66A7C81350C4}.Debug|Any CPU.ActiveCfg = Debug|Any CPU
		{C6ADFD00-76C7-4AF9-90E1-66A7C81350C4}.Debug|Any CPU.Build.0 = Debug|Any CPU
		{C6ADFD00-76C7-4AF9-90E1-66A7C81350C4}.Release|Any CPU.ActiveCfg = Release|Any CPU
		{C6ADFD00-76C7-4AF9-90E1-66A7C81350C4}.Release|Any CPU.Build.0 = Release|Any CPU
	EndGlobalSection
	GlobalSection(SolutionProperties) = preSolution
		HideSolutionNode = FALSE
	EndGlobalSection
	GlobalSection(ExtensibilityGlobals) = postSolution
		SolutionGuid = {A727F37F-3810-4219-AAB5-5C6C664C8C67}
	EndGlobalSection
EndGlobal
